// !$*UTF8*$!
{
	archiveVersion = 1;
	classes = {
	};
	objectVersion = 46;
	objects = {

/* Begin PBXBuildFile section */
		58777D501A61055D00D9B004 /* main.m in Sources */ = {isa = PBXBuildFile; fileRef = 58777D4F1A61055D00D9B004 /* main.m */; };
		58777D531A61055D00D9B004 /* AppDelegate.m in Sources */ = {isa = PBXBuildFile; fileRef = 58777D521A61055D00D9B004 /* AppDelegate.m */; };
		58777D561A61055D00D9B004 /* ViewController.m in Sources */ = {isa = PBXBuildFile; fileRef = 58777D551A61055D00D9B004 /* ViewController.m */; };
		58777D591A61055D00D9B004 /* Main.storyboard in Resources */ = {isa = PBXBuildFile; fileRef = 58777D571A61055D00D9B004 /* Main.storyboard */; };
		58777D5B1A61055D00D9B004 /* Images.xcassets in Resources */ = {isa = PBXBuildFile; fileRef = 58777D5A1A61055D00D9B004 /* Images.xcassets */; };
		58777D5E1A61055D00D9B004 /* LaunchScreen.xib in Resources */ = {isa = PBXBuildFile; fileRef = 58777D5C1A61055D00D9B004 /* LaunchScreen.xib */; };
		58777D6A1A61055E00D9B004 /* CountTests.m in Sources */ = {isa = PBXBuildFile; fileRef = 58777D691A61055E00D9B004 /* CountTests.m */; };
/* End PBXBuildFile section */

/* Begin PBXContainerItemProxy section */
		58777D641A61055E00D9B004 /* PBXContainerItemProxy */ = {
			isa = PBXContainerItemProxy;
			containerPortal = 58777D421A61055D00D9B004 /* Project object */;
			proxyType = 1;
			remoteGlobalIDString = 58777D491A61055D00D9B004;
			remoteInfo = Count;
		};
/* End PBXContainerItemProxy section */

/* Begin PBXFileReference section */
		58777D4A1A61055D00D9B004 /* Count.app */ = {isa = PBXFileReference; explicitFileType = wrapper.application; includeInIndex = 0; path = Count.app; sourceTree = BUILT_PRODUCTS_DIR; };
		58777D4E1A61055D00D9B004 /* Info.plist */ = {isa = PBXFileReference; lastKnownFileType = text.plist.xml; path = Info.plist; sourceTree = "<group>"; };
		58777D4F1A61055D00D9B004 /* main.m */ = {isa = PBXFileReference; lastKnownFileType = sourcecode.c.objc; path = main.m; sourceTree = "<group>"; };
		58777D511A61055D00D9B004 /* AppDelegate.h */ = {isa = PBXFileReference; lastKnownFileType = sourcecode.c.h; path = AppDelegate.h; sourceTree = "<group>"; };
		58777D521A61055D00D9B004 /* AppDelegate.m */ = {isa = PBXFileReference; lastKnownFileType = sourcecode.c.objc; path = AppDelegate.m; sourceTree = "<group>"; };
		58777D541A61055D00D9B004 /* ViewController.h */ = {isa = PBXFileReference; lastKnownFileType = sourcecode.c.h; path = ViewController.h; sourceTree = "<group>"; };
		58777D551A61055D00D9B004 /* ViewController.m */ = {isa = PBXFileReference; lastKnownFileType = sourcecode.c.objc; path = ViewController.m; sourceTree = "<group>"; };
		58777D581A61055D00D9B004 /* Base */ = {isa = PBXFileReference; lastKnownFileType = file.storyboard; name = Base; path = Base.lproj/Main.storyboard; sourceTree = "<group>"; };
		58777D5A1A61055D00D9B004 /* Images.xcassets */ = {isa = PBXFileReference; lastKnownFileType = folder.assetcatalog; path = Images.xcassets; sourceTree = "<group>"; };
		58777D5D1A61055D00D9B004 /* Base */ = {isa = PBXFileReference; lastKnownFileType = file.xib; name = Base; path = Base.lproj/LaunchScreen.xib; sourceTree = "<group>"; };
		58777D631A61055E00D9B004 /* CountTests.xctest */ = {isa = PBXFileReference; explicitFileType = wrapper.cfbundle; includeInIndex = 0; path = CountTests.xctest; sourceTree = BUILT_PRODUCTS_DIR; };
		58777D681A61055E00D9B004 /* Info.plist */ = {isa = PBXFileReference; lastKnownFileType = text.plist.xml; path = Info.plist; sourceTree = "<group>"; };
		58777D691A61055E00D9B004 /* CountTests.m */ = {isa = PBXFileReference; lastKnownFileType = sourcecode.c.objc; path = CountTests.m; sourceTree = "<group>"; };
/* End PBXFileReference section */

/* Begin PBXFrameworksBuildPhase section */
		58777D471A61055D00D9B004 /* Frameworks */ = {
			isa = PBXFrameworksBuildPhase;
			buildActionMask = 2147483647;
			files = (
			);
			runOnlyForDeploymentPostprocessing = 0;
		};
		58777D601A61055E00D9B004 /* Frameworks */ = {
			isa = PBXFrameworksBuildPhase;
			buildActionMask = 2147483647;
			files = (
			);
			runOnlyForDeploymentPostprocessing = 0;
		};
/* End PBXFrameworksBuildPhase section */

/* Begin PBXGroup section */
		58777D411A61055D00D9B004 = {
			isa = PBXGroup;
			children = (
				58777D4C1A61055D00D9B004 /* Count */,
				58777D661A61055E00D9B004 /* CountTests */,
				58777D4B1A61055D00D9B004 /* Products */,
			);
			sourceTree = "<group>";
		};
		58777D4B1A61055D00D9B004 /* Products */ = {
			isa = PBXGroup;
			children = (
				58777D4A1A61055D00D9B004 /* Count.app */,
				58777D631A61055E00D9B004 /* CountTests.xctest */,
			);
			name = Products;
			sourceTree = "<group>";
		};
		58777D4C1A61055D00D9B004 /* Count */ = {
			isa = PBXGroup;
			children = (
				58777D511A61055D00D9B004 /* AppDelegate.h */,
				58777D521A61055D00D9B004 /* AppDelegate.m */,
				58777D541A61055D00D9B004 /* ViewController.h */,
				58777D551A61055D00D9B004 /* ViewController.m */,
				58777D571A61055D00D9B004 /* Main.storyboard */,
				58777D5A1A61055D00D9B004 /* Images.xcassets */,
				58777D5C1A61055D00D9B004 /* LaunchScreen.xib */,
				58777D4D1A61055D00D9B004 /* Supporting Files */,
			);
			path = Count;
			sourceTree = "<group>";
		};
		58777D4D1A61055D00D9B004 /* Supporting Files */ = {
			isa = PBXGroup;
			children = (
				58777D4E1A61055D00D9B004 /* Info.plist */,
				58777D4F1A61055D00D9B004 /* main.m */,
			);
			name = "Supporting Files";
			sourceTree = "<group>";
		};
		58777D661A61055E00D9B004 /* CountTests */ = {
			isa = PBXGroup;
			children = (
				58777D691A61055E00D9B004 /* CountTests.m */,
				58777D671A61055E00D9B004 /* Supporting Files */,
			);
			path = CountTests;
			sourceTree = "<group>";
		};
		58777D671A61055E00D9B004 /* Supporting Files */ = {
			isa = PBXGroup;
			children = (
				58777D681A61055E00D9B004 /* Info.plist */,
			);
			name = "Supporting Files";
			sourceTree = "<group>";
		};
/* End PBXGroup section */

/* Begin PBXNativeTarget section */
		58777D491A61055D00D9B004 /* Count */ = {
			isa = PBXNativeTarget;
			buildConfigurationList = 58777D6D1A61055E00D9B004 /* Build configuration list for PBXNativeTarget "Count" */;
			buildPhases = (
				58777D461A61055D00D9B004 /* Sources */,
				58777D471A61055D00D9B004 /* Frameworks */,
				58777D481A61055D00D9B004 /* Resources */,
			);
			buildRules = (
			);
			dependencies = (
			);
			name = Count;
			productName = Count;
			productReference = 58777D4A1A61055D00D9B004 /* Count.app */;
			productType = "com.apple.product-type.application";
		};
		58777D621A61055E00D9B004 /* CountTests */ = {
			isa = PBXNativeTarget;
			buildConfigurationList = 58777D701A61055E00D9B004 /* Build configuration list for PBXNativeTarget "CountTests" */;
			buildPhases = (
				58777D5F1A61055E00D9B004 /* Sources */,
				58777D601A61055E00D9B004 /* Frameworks */,
				58777D611A61055E00D9B004 /* Resources */,
			);
			buildRules = (
			);
			dependencies = (
				58777D651A61055E00D9B004 /* PBXTargetDependency */,
			);
			name = CountTests;
			productName = CountTests;
			productReference = 58777D631A61055E00D9B004 /* CountTests.xctest */;
			productType = "com.apple.product-type.bundle.unit-test";
		};
/* End PBXNativeTarget section */

/* Begin PBXProject section */
		58777D421A61055D00D9B004 /* Project object */ = {
			isa = PBXProject;
			attributes = {
				LastUpgradeCheck = 0610;
				ORGANIZATIONNAME = "Risa Ishii";
				TargetAttributes = {
					58777D491A61055D00D9B004 = {
						CreatedOnToolsVersion = 6.1.1;
					};
					58777D621A61055E00D9B004 = {
						CreatedOnToolsVersion = 6.1.1;
						TestTargetID = 58777D491A61055D00D9B004;
					};
				};
			};
			buildConfigurationList = 58777D451A61055D00D9B004 /* Build configuration list for PBXProject "Count" */;
			compatibilityVersion = "Xcode 3.2";
			developmentRegion = English;
			hasScannedForEncodings = 0;
			knownRegions = (
				en,
				Base,
			);
			mainGroup = 58777D411A61055D00D9B004;
			productRefGroup = 58777D4B1A61055D00D9B004 /* Products */;
			projectDirPath = "";
			projectRoot = "";
			targets = (
				58777D491A61055D00D9B004 /* Count */,
				58777D621A61055E00D9B004 /* CountTests */,
			);
		};
/* End PBXProject section */

/* Begin PBXResourcesBuildPhase section */
		58777D481A61055D00D9B004 /* Resources */ = {
			isa = PBXResourcesBuildPhase;
			buildActionMask = 2147483647;
			files = (
				58777D591A61055D00D9B004 /* Main.storyboard in Resources */,
				58777D5E1A61055D00D9B004 /* LaunchScreen.xib in Resources */,
				58777D5B1A61055D00D9B004 /* Images.xcassets in Resources */,
			);
			runOnlyForDeploymentPostprocessing = 0;
		};
		58777D611A61055E00D9B004 /* Resources */ = {
			isa = PBXResourcesBuildPhase;
			buildActionMask = 2147483647;
			files = (
			);
			runOnlyForDeploymentPostprocessing = 0;
		};
/* End PBXResourcesBuildPhase section */

/* Begin PBXSourcesBuildPhase section */
		58777D461A61055D00D9B004 /* Sources */ = {
			isa = PBXSourcesBuildPhase;
			buildActionMask = 2147483647;
			files = (
				58777D561A61055D00D9B004 /* ViewController.m in Sources */,
				58777D531A61055D00D9B004 /* AppDelegate.m in Sources */,
				58777D501A61055D00D9B004 /* main.m in Sources */,
			);
			runOnlyForDeploymentPostprocessing = 0;
		};
		58777D5F1A61055E00D9B004 /* Sources */ = {
			isa = PBXSourcesBuildPhase;
			buildActionMask = 2147483647;
			files = (
				58777D6A1A61055E00D9B004 /* CountTests.m in Sources */,
			);
			runOnlyForDeploymentPostprocessing = 0;
		};
/* End PBXSourcesBuildPhase section */

/* Begin PBXTargetDependency section */
		58777D651A61055E00D9B004 /* PBXTargetDependency */ = {
			isa = PBXTargetDependency;
			target = 58777D491A61055D00D9B004 /* Count */;
			targetProxy = 58777D641A61055E00D9B004 /* PBXContainerItemProxy */;
		};
/* End PBXTargetDependency section */

/* Begin PBXVariantGroup section */
		58777D571A61055D00D9B004 /* Main.storyboard */ = {
			isa = PBXVariantGroup;
			children = (
				58777D581A61055D00D9B004 /* Base */,
			);
			name = Main.storyboard;
			sourceTree = "<group>";
		};
		58777D5C1A61055D00D9B004 /* LaunchScreen.xib */ = {
			isa = PBXVariantGroup;
			children = (
				58777D5D1A61055D00D9B004 /* Base */,
			);
			name = LaunchScreen.xib;
			sourceTree = "<group>";
		};
/* End PBXVariantGroup section */

/* Begin XCBuildConfiguration section */
		58777D6B1A61055E00D9B004 /* Debug */ = {
			isa = XCBuildConfiguration;
			buildSettings = {
				ALWAYS_SEARCH_USER_PATHS = NO;
				CLANG_CXX_LANGUAGE_STANDARD = "gnu++0x";
				CLANG_CXX_LIBRARY = "libc++";
				CLANG_ENABLE_MODULES = YES;
				CLANG_ENABLE_OBJC_ARC = YES;
				CLANG_WARN_BOOL_CONVERSION = YES;
				CLANG_WARN_CONSTANT_CONVERSION = YES;
				CLANG_WARN_DIRECT_OBJC_ISA_USAGE = YES_ERROR;
				CLANG_WARN_EMPTY_BODY = YES;
				CLANG_WARN_ENUM_CONVERSION = YES;
				CLANG_WARN_INT_CONVERSION = YES;
				CLANG_WARN_OBJC_ROOT_CLASS = YES_ERROR;
				CLANG_WARN_UNREACHABLE_CODE = YES;
				CLANG_WARN__DUPLICATE_METHOD_MATCH = YES;
				"CODE_SIGN_IDENTITY[sdk=iphoneos*]" = "iPhone Developer";
				COPY_PHASE_STRIP = NO;
				ENABLE_STRICT_OBJC_MSGSEND = YES;
				GCC_C_LANGUAGE_STANDARD = gnu99;
				GCC_DYNAMIC_NO_PIC = NO;
				GCC_OPTIMIZATION_LEVEL = 0;
				GCC_PREPROCESSOR_DEFINITIONS = (
					"DEBUG=1",
					"$(inherited)",
				);
				GCC_SYMBOLS_PRIVATE_EXTERN = NO;
				GCC_WARN_64_TO_32_BIT_CONVERSION = YES;
				GCC_WARN_ABOUT_RETURN_TYPE = YES_ERROR;
				GCC_WARN_UNDECLARED_SELECTOR = YES;
				GCC_WARN_UNINITIALIZED_AUTOS = YES_AGGRESSIVE;
				GCC_WARN_UNUSED_FUNCTION = YES;
				GCC_WARN_UNUSED_VARIABLE = YES;
				IPHONEOS_DEPLOYMENT_TARGET = 8.1;
				MTL_ENABLE_DEBUG_INFO = YES;
				ONLY_ACTIVE_ARCH = YES;
				SDKROOT = iphoneos;
			};
			name = Debug;
		};
		58777D6C1A61055E00D9B004 /* Release */ = {
			isa = XCBuildConfiguration;
			buildSettings = {
				ALWAYS_SEARCH_USER_PATHS = NO;
				CLANG_CXX_LANGUAGE_STANDARD = "gnu++0x";
				CLANG_CXX_LIBRARY = "libc++";
				CLANG_ENABLE_MODULES = YES;
				CLANG_ENABLE_OBJC_ARC = YES;
				CLANG_WARN_BOOL_CONVERSION = YES;
				CLANG_WARN_CONSTANT_CONVERSION = YES;
				CLANG_WARN_DIRECT_OBJC_ISA_USAGE = YES_ERROR;
				CLANG_WARN_EMPTY_BODY = YES;
				CLANG_WARN_ENUM_CONVERSION = YES;
				CLANG_WARN_INT_CONVERSION = YES;
				CLANG_WARN_OBJC_ROOT_CLASS = YES_ERROR;
				CLANG_WARN_UNREACHABLE_CODE = YES;
				CLANG_WARN__DUPLICATE_METHOD_MATCH = YES;
				"CODE_SIGN_IDENTITY[sdk=iphoneos*]" = "iPhone Developer";
				COPY_PHASE_STRIP = YES;
				ENABLE_NS_ASSERTIONS = NO;
				ENABLE_STRICT_OBJC_MSGSEND = YES;
				GCC_C_LANGUAGE_STANDARD = gnu99;
				GCC_WARN_64_TO_32_BIT_CONVERSION = YES;
				GCC_WARN_ABOUT_RETURN_TYPE = YES_ERROR;
				GCC_WARN_UNDECLARED_SELECTOR = YES;
				GCC_WARN_UNINITIALIZED_AUTOS = YES_AGGRESSIVE;
				GCC_WARN_UNUSED_FUNCTION = YES;
				GCC_WARN_UNUSED_VARIABLE = YES;
				IPHONEOS_DEPLOYMENT_TARGET = 8.1;
				MTL_ENABLE_DEBUG_INFO = NO;
				SDKROOT = iphoneos;
				VALIDATE_PRODUCT = YES;
			};
			name = Release;
		};
		58777D6E1A61055E00D9B004 /* Debug */ = {
			isa = XCBuildConfiguration;
			buildSettings = {
				ASSETCATALOG_COMPILER_APPICON_NAME = AppIcon;
				INFOPLIST_FILE = Count/Info.plist;
				LD_RUNPATH_SEARCH_PATHS = "$(inherited) @executable_path/Frameworks";
				PRODUCT_NAME = "$(TARGET_NAME)";
			};
			name = Debug;
		};
		58777D6F1A61055E00D9B004 /* Release */ = {
			isa = XCBuildConfiguration;
			buildSettings = {
				ASSETCATALOG_COMPILER_APPICON_NAME = AppIcon;
				INFOPLIST_FILE = Count/Info.plist;
				LD_RUNPATH_SEARCH_PATHS = "$(inherited) @executable_path/Frameworks";
				PRODUCT_NAME = "$(TARGET_NAME)";
			};
			name = Release;
		};
		58777D711A61055E00D9B004 /* Debug */ = {
			isa = XCBuildConfiguration;
			buildSettings = {
				BUNDLE_LOADER = "$(TEST_HOST)";
				FRAMEWORK_SEARCH_PATHS = (
					"$(SDKROOT)/Developer/Library/Frameworks",
					"$(inherited)",
				);
				GCC_PREPROCESSOR_DEFINITIONS = (
					"DEBUG=1",
					"$(inherited)",
				);
				INFOPLIST_FILE = CountTests/Info.plist;
				LD_RUNPATH_SEARCH_PATHS = "$(inherited) @executable_path/Frameworks @loader_path/Frameworks";
				PRODUCT_NAME = "$(TARGET_NAME)";
				TEST_HOST = "$(BUILT_PRODUCTS_DIR)/Count.app/Count";
			};
			name = Debug;
		};
		58777D721A61055E00D9B004 /* Release */ = {
			isa = XCBuildConfiguration;
			buildSettings = {
				BUNDLE_LOADER = "$(TEST_HOST)";
				FRAMEWORK_SEARCH_PATHS = (
					"$(SDKROOT)/Developer/Library/Frameworks",
					"$(inherited)",
				);
				INFOPLIST_FILE = CountTests/Info.plist;
				LD_RUNPATH_SEARCH_PATHS = "$(inherited) @executable_path/Frameworks @loader_path/Frameworks";
				PRODUCT_NAME = "$(TARGET_NAME)";
				TEST_HOST = "$(BUILT_PRODUCTS_DIR)/Count.app/Count";
			};
			name = Release;
		};
/* End XCBuildConfiguration section */

/* Begin XCConfigurationList section */
		58777D451A61055D00D9B004 /* Build configuration list for PBXProject "Count" */ = {
			isa = XCConfigurationList;
			buildConfigurations = (
				58777D6B1A61055E00D9B004 /* Debug */,
				58777D6C1A61055E00D9B004 /* Release */,
			);
			defaultConfigurationIsVisible = 0;
			defaultConfigurationName = Release;
		};
		58777D6D1A61055E00D9B004 /* Build configuration list for PBXNativeTarget "Count" */ = {
			isa = XCConfigurationList;
			buildConfigurations = (
				58777D6E1A61055E00D9B004 /* Debug */,
				58777D6F1A61055E00D9B004 /* Release */,
			);
			defaultConfigurationIsVisible = 0;
		};
		58777D701A61055E00D9B004 /* Build configuration list for PBXNativeTarget "CountTests" */ = {
			isa = XCConfigurationList;
			buildConfigurations = (
				58777D711A61055E00D9B004 /* Debug */,
				58777D721A61055E00D9B004 /* Release */,
			);
			defaultConfigurationIsVisible = 0;
		};
/* End XCConfigurationList section */
	};
	rootObject = 58777D421A61055D00D9B004 /* Project object */;
}
